
Microsoft Visual Studio Solution File, Format Version 12.00
# Visual Studio Version 16
VisualStudioVersion = 16.0.29728.190
MinimumVisualStudioVersion = 10.0.40219.1
Project("{FAE04EC0-301F-11D3-BF4B-00C04F79EFBC}") = "IrrigationController.Android", "IrrigationController\IrrigationController.Android\IrrigationController.Android.csproj", "{A715DCD6-8762-47E4-8E10-49AE50F7ADBA}"
EndProject
Project("{FAE04EC0-301F-11D3-BF4B-00C04F79EFBC}") = "IrrigationController", "IrrigationController\IrrigationController\IrrigationController.csproj", "{08002E19-05AA-433B-B12F-ABA54D1B0CFA}"
EndProject
Global
	GlobalSection(SolutionConfigurationPlatforms) = preSolution
		Debug|Any CPU = Debug|Any CPU
		Release|Any CPU = Release|Any CPU
	EndGlobalSection
	GlobalSection(ProjectConfigurationPlatforms) = postSolution
		{A715DCD6-8762-47E4-8E10-49AE50F7ADBA}.Debug|Any CPU.ActiveCfg = Debug|Any CPU
		{A715DCD6-8762-47E4-8E10-49AE50F7ADBA}.Debug|Any CPU.Build.0 = Debug|Any CPU
		{A715DCD6-8762-47E4-8E10-49AE50F7ADBA}.Debug|Any CPU.Deploy.0 = Debug|Any CPU
		{A715DCD6-8762-47E4-8E10-49AE50F7ADBA}.Release|Any CPU.ActiveCfg = Release|Any CPU
		{A715DCD6-8762-47E4-8E10-49AE50F7ADBA}.Release|Any CPU.Build.0 = Release|Any CPU
		{A715DCD6-8762-47E4-8E10-49AE50F7ADBA}.Release|Any CPU.Deploy.0 = Release|Any CPU
		{08002E19-05AA-433B-B12F-ABA54D1B0CFA}.Debug|Any CPU.ActiveCfg = Debug|Any CPU
		{08002E19-05AA-433B-B12F-ABA54D1B0CFA}.Debug|Any CPU.Build.0 = Debug|Any CPU
		{08002E19-05AA-433B-B12F-ABA54D1B0CFA}.Debug|Any CPU.Deploy.0 = Debug|Any CPU
		{08002E19-05AA-433B-B12F-ABA54D1B0CFA}.Release|Any CPU.ActiveCfg = Release|Any CPU
		{08002E19-05AA-433B-B12F-ABA54D1B0CFA}.Release|Any CPU.Build.0 = Release|Any CPU
		{08002E19-05AA-433B-B12F-ABA54D1B0CFA}.Release|Any CPU.Deploy.0 = Release|Any CPU
	EndGlobalSection
	GlobalSection(SolutionProperties) = preSolution
		HideSolutionNode = FALSE
	EndGlobalSection
	GlobalSection(ExtensibilityGlobals) = postSolution
		SolutionGuid = {D73E8585-472E-4E35-890C-CE60D2EB77F1}
	EndGlobalSection
EndGlobal
